// !$*UTF8*$!
{
	archiveVersion = 1;
	classes = {
	};
	objectVersion = 46;
	objects = {

/* Begin PBXBuildFile section */
		22AA2B151900D547005140DA /* Foundation.framework in Frameworks */ = {isa = PBXBuildFile; fileRef = 22AA2B141900D547005140DA /* Foundation.framework */; };
		22AA2B171900D547005140DA /* CoreGraphics.framework in Frameworks */ = {isa = PBXBuildFile; fileRef = 22AA2B161900D547005140DA /* CoreGraphics.framework */; };
		22AA2B191900D547005140DA /* UIKit.framework in Frameworks */ = {isa = PBXBuildFile; fileRef = 22AA2B181900D547005140DA /* UIKit.framework */; };
		22AA2B1F1900D547005140DA /* InfoPlist.strings in Resources */ = {isa = PBXBuildFile; fileRef = 22AA2B1D1900D547005140DA /* InfoPlist.strings */; };
		22AA2B211900D547005140DA /* main.m in Sources */ = {isa = PBXBuildFile; fileRef = 22AA2B201900D547005140DA /* main.m */; };
		22AA2B251900D547005140DA /* AppDelegate.m in Sources */ = {isa = PBXBuildFile; fileRef = 22AA2B241900D547005140DA /* AppDelegate.m */; };
		22AA2B2E1900D547005140DA /* CellarViewController.m in Sources */ = {isa = PBXBuildFile; fileRef = 22AA2B2D1900D547005140DA /* CellarViewController.m */; };
		22AA2B301900D547005140DA /* Images.xcassets in Resources */ = {isa = PBXBuildFile; fileRef = 22AA2B2F1900D547005140DA /* Images.xcassets */; };
		22AA2B371900D547005140DA /* XCTest.framework in Frameworks */ = {isa = PBXBuildFile; fileRef = 22AA2B361900D547005140DA /* XCTest.framework */; };
		22AA2B381900D547005140DA /* Foundation.framework in Frameworks */ = {isa = PBXBuildFile; fileRef = 22AA2B141900D547005140DA /* Foundation.framework */; };
		22AA2B391900D547005140DA /* UIKit.framework in Frameworks */ = {isa = PBXBuildFile; fileRef = 22AA2B181900D547005140DA /* UIKit.framework */; };
		22AA2B411900D547005140DA /* InfoPlist.strings in Resources */ = {isa = PBXBuildFile; fileRef = 22AA2B3F1900D547005140DA /* InfoPlist.strings */; };
		22AA2B431900D547005140DA /* CellarhqTests.m in Sources */ = {isa = PBXBuildFile; fileRef = 22AA2B421900D547005140DA /* CellarhqTests.m */; };
		22AA2B6E19022684005140DA /* MASCompositeConstraint.m in Sources */ = {isa = PBXBuildFile; fileRef = 22AA2B5919022684005140DA /* MASCompositeConstraint.m */; };
		22AA2B6F19022684005140DA /* MASConstraint.m in Sources */ = {isa = PBXBuildFile; fileRef = 22AA2B5B19022684005140DA /* MASConstraint.m */; };
		22AA2B7019022684005140DA /* MASConstraintMaker.m in Sources */ = {isa = PBXBuildFile; fileRef = 22AA2B5D19022684005140DA /* MASConstraintMaker.m */; };
		22AA2B7119022684005140DA /* MASLayoutConstraint.m in Sources */ = {isa = PBXBuildFile; fileRef = 22AA2B5F19022684005140DA /* MASLayoutConstraint.m */; };
		22AA2B7219022684005140DA /* MASViewAttribute.m in Sources */ = {isa = PBXBuildFile; fileRef = 22AA2B6319022684005140DA /* MASViewAttribute.m */; };
		22AA2B7319022684005140DA /* MASViewConstraint.m in Sources */ = {isa = PBXBuildFile; fileRef = 22AA2B6519022684005140DA /* MASViewConstraint.m */; };
		22AA2B7419022684005140DA /* NSArray+MASAdditions.m in Sources */ = {isa = PBXBuildFile; fileRef = 22AA2B6719022684005140DA /* NSArray+MASAdditions.m */; };
		22AA2B7519022684005140DA /* NSLayoutConstraint+MASDebugAdditions.m in Sources */ = {isa = PBXBuildFile; fileRef = 22AA2B6A19022684005140DA /* NSLayoutConstraint+MASDebugAdditions.m */; };
		22AA2B7619022684005140DA /* View+MASAdditions.m in Sources */ = {isa = PBXBuildFile; fileRef = 22AA2B6C19022684005140DA /* View+MASAdditions.m */; };
		22C3E8CC19135AB9000035D1 /* libxml2.dylib in Frameworks */ = {isa = PBXBuildFile; fileRef = 22C3E8CB19135AB9000035D1 /* libxml2.dylib */; };
		22C3E8DD19135F47000035D1 /* TFHpple.m in Sources */ = {isa = PBXBuildFile; fileRef = 22C3E8D819135F47000035D1 /* TFHpple.m */; };
		22C3E8DE19135F47000035D1 /* TFHppleElement.m in Sources */ = {isa = PBXBuildFile; fileRef = 22C3E8DA19135F47000035D1 /* TFHppleElement.m */; };
		22C3E8DF19135F47000035D1 /* XPathQuery.m in Sources */ = {isa = PBXBuildFile; fileRef = 22C3E8DC19135F47000035D1 /* XPathQuery.m */; };
		22C3E8E419136A48000035D1 /* Beer.m in Sources */ = {isa = PBXBuildFile; fileRef = 22C3E8E319136A48000035D1 /* Beer.m */; };
		22C3E8E71916C9F1000035D1 /* BeerDetailViewController.m in Sources */ = {isa = PBXBuildFile; fileRef = 22C3E8E61916C9F1000035D1 /* BeerDetailViewController.m */; };
		22C3E8EA19173C1D000035D1 /* LoginViewController.m in Sources */ = {isa = PBXBuildFile; fileRef = 22C3E8E919173C1D000035D1 /* LoginViewController.m */; };
		22C3E8ED19173D03000035D1 /* AuthenticationProvider.m in Sources */ = {isa = PBXBuildFile; fileRef = 22C3E8EC19173D03000035D1 /* AuthenticationProvider.m */; };
		22C3E8F319189273000035D1 /* NetworkRequestHandler.m in Sources */ = {isa = PBXBuildFile; fileRef = 22C3E8F219189273000035D1 /* NetworkRequestHandler.m */; };
		22C3E8F61919EB28000035D1 /* BeerSizePicker.m in Sources */ = {isa = PBXBuildFile; fileRef = 22C3E8F51919EB28000035D1 /* BeerSizePicker.m */; };
/* End PBXBuildFile section */

/* Begin PBXContainerItemProxy section */
		22AA2B3A1900D547005140DA /* PBXContainerItemProxy */ = {
			isa = PBXContainerItemProxy;
			containerPortal = 22AA2B091900D547005140DA /* Project object */;
			proxyType = 1;
			remoteGlobalIDString = 22AA2B101900D547005140DA;
			remoteInfo = Cellarhq;
		};
/* End PBXContainerItemProxy section */

/* Begin PBXFileReference section */
		22AA2B111900D547005140DA /* Cellarhq.app */ = {isa = PBXFileReference; explicitFileType = wrapper.application; includeInIndex = 0; path = Cellarhq.app; sourceTree = BUILT_PRODUCTS_DIR; };
		22AA2B141900D547005140DA /* Foundation.framework */ = {isa = PBXFileReference; lastKnownFileType = wrapper.framework; name = Foundation.framework; path = System/Library/Frameworks/Foundation.framework; sourceTree = SDKROOT; };
		22AA2B161900D547005140DA /* CoreGraphics.framework */ = {isa = PBXFileReference; lastKnownFileType = wrapper.framework; name = CoreGraphics.framework; path = System/Library/Frameworks/CoreGraphics.framework; sourceTree = SDKROOT; };
		22AA2B181900D547005140DA /* UIKit.framework */ = {isa = PBXFileReference; lastKnownFileType = wrapper.framework; name = UIKit.framework; path = System/Library/Frameworks/UIKit.framework; sourceTree = SDKROOT; };
		22AA2B1C1900D547005140DA /* Cellarhq-Info.plist */ = {isa = PBXFileReference; lastKnownFileType = text.plist.xml; path = "Cellarhq-Info.plist"; sourceTree = "<group>"; };
		22AA2B1E1900D547005140DA /* en */ = {isa = PBXFileReference; lastKnownFileType = text.plist.strings; name = en; path = en.lproj/InfoPlist.strings; sourceTree = "<group>"; };
		22AA2B201900D547005140DA /* main.m */ = {isa = PBXFileReference; lastKnownFileType = sourcecode.c.objc; path = main.m; sourceTree = "<group>"; };
		22AA2B221900D547005140DA /* Cellarhq-Prefix.pch */ = {isa = PBXFileReference; lastKnownFileType = sourcecode.c.h; path = "Cellarhq-Prefix.pch"; sourceTree = "<group>"; };
		22AA2B231900D547005140DA /* AppDelegate.h */ = {isa = PBXFileReference; lastKnownFileType = sourcecode.c.h; path = AppDelegate.h; sourceTree = "<group>"; };
		22AA2B241900D547005140DA /* AppDelegate.m */ = {isa = PBXFileReference; lastKnownFileType = sourcecode.c.objc; path = AppDelegate.m; sourceTree = "<group>"; };
		22AA2B2C1900D547005140DA /* CellarViewController.h */ = {isa = PBXFileReference; lastKnownFileType = sourcecode.c.h; path = CellarViewController.h; sourceTree = "<group>"; };
		22AA2B2D1900D547005140DA /* CellarViewController.m */ = {isa = PBXFileReference; lastKnownFileType = sourcecode.c.objc; path = CellarViewController.m; sourceTree = "<group>"; };
		22AA2B2F1900D547005140DA /* Images.xcassets */ = {isa = PBXFileReference; lastKnownFileType = folder.assetcatalog; path = Images.xcassets; sourceTree = "<group>"; };
		22AA2B351900D547005140DA /* CellarhqTests.xctest */ = {isa = PBXFileReference; explicitFileType = wrapper.cfbundle; includeInIndex = 0; path = CellarhqTests.xctest; sourceTree = BUILT_PRODUCTS_DIR; };
		22AA2B361900D547005140DA /* XCTest.framework */ = {isa = PBXFileReference; lastKnownFileType = wrapper.framework; name = XCTest.framework; path = Library/Frameworks/XCTest.framework; sourceTree = DEVELOPER_DIR; };
		22AA2B3E1900D547005140DA /* CellarhqTests-Info.plist */ = {isa = PBXFileReference; lastKnownFileType = text.plist.xml; path = "CellarhqTests-Info.plist"; sourceTree = "<group>"; };
		22AA2B401900D547005140DA /* en */ = {isa = PBXFileReference; lastKnownFileType = text.plist.strings; name = en; path = en.lproj/InfoPlist.strings; sourceTree = "<group>"; };
		22AA2B421900D547005140DA /* CellarhqTests.m */ = {isa = PBXFileReference; lastKnownFileType = sourcecode.c.objc; path = CellarhqTests.m; sourceTree = "<group>"; };
		22AA2B5819022684005140DA /* MASCompositeConstraint.h */ = {isa = PBXFileReference; fileEncoding = 4; lastKnownFileType = sourcecode.c.h; path = MASCompositeConstraint.h; sourceTree = "<group>"; };
		22AA2B5919022684005140DA /* MASCompositeConstraint.m */ = {isa = PBXFileReference; fileEncoding = 4; lastKnownFileType = sourcecode.c.objc; path = MASCompositeConstraint.m; sourceTree = "<group>"; };
		22AA2B5A19022684005140DA /* MASConstraint.h */ = {isa = PBXFileReference; fileEncoding = 4; lastKnownFileType = sourcecode.c.h; path = MASConstraint.h; sourceTree = "<group>"; };
		22AA2B5B19022684005140DA /* MASConstraint.m */ = {isa = PBXFileReference; fileEncoding = 4; lastKnownFileType = sourcecode.c.objc; path = MASConstraint.m; sourceTree = "<group>"; };
		22AA2B5C19022684005140DA /* MASConstraintMaker.h */ = {isa = PBXFileReference; fileEncoding = 4; lastKnownFileType = sourcecode.c.h; path = MASConstraintMaker.h; sourceTree = "<group>"; };
		22AA2B5D19022684005140DA /* MASConstraintMaker.m */ = {isa = PBXFileReference; fileEncoding = 4; lastKnownFileType = sourcecode.c.objc; path = MASConstraintMaker.m; sourceTree = "<group>"; };
		22AA2B5E19022684005140DA /* MASLayoutConstraint.h */ = {isa = PBXFileReference; fileEncoding = 4; lastKnownFileType = sourcecode.c.h; path = MASLayoutConstraint.h; sourceTree = "<group>"; };
		22AA2B5F19022684005140DA /* MASLayoutConstraint.m */ = {isa = PBXFileReference; fileEncoding = 4; lastKnownFileType = sourcecode.c.objc; path = MASLayoutConstraint.m; sourceTree = "<group>"; };
		22AA2B6019022684005140DA /* Masonry.h */ = {isa = PBXFileReference; fileEncoding = 4; lastKnownFileType = sourcecode.c.h; path = Masonry.h; sourceTree = "<group>"; };
		22AA2B6119022684005140DA /* MASUtilities.h */ = {isa = PBXFileReference; fileEncoding = 4; lastKnownFileType = sourcecode.c.h; path = MASUtilities.h; sourceTree = "<group>"; };
		22AA2B6219022684005140DA /* MASViewAttribute.h */ = {isa = PBXFileReference; fileEncoding = 4; lastKnownFileType = sourcecode.c.h; path = MASViewAttribute.h; sourceTree = "<group>"; };
		22AA2B6319022684005140DA /* MASViewAttribute.m */ = {isa = PBXFileReference; fileEncoding = 4; lastKnownFileType = sourcecode.c.objc; path = MASViewAttribute.m; sourceTree = "<group>"; };
		22AA2B6419022684005140DA /* MASViewConstraint.h */ = {isa = PBXFileReference; fileEncoding = 4; lastKnownFileType = sourcecode.c.h; path = MASViewConstraint.h; sourceTree = "<group>"; };
		22AA2B6519022684005140DA /* MASViewConstraint.m */ = {isa = PBXFileReference; fileEncoding = 4; lastKnownFileType = sourcecode.c.objc; path = MASViewConstraint.m; sourceTree = "<group>"; };
		22AA2B6619022684005140DA /* NSArray+MASAdditions.h */ = {isa = PBXFileReference; fileEncoding = 4; lastKnownFileType = sourcecode.c.h; path = "NSArray+MASAdditions.h"; sourceTree = "<group>"; };
		22AA2B6719022684005140DA /* NSArray+MASAdditions.m */ = {isa = PBXFileReference; fileEncoding = 4; lastKnownFileType = sourcecode.c.objc; path = "NSArray+MASAdditions.m"; sourceTree = "<group>"; };
		22AA2B6819022684005140DA /* NSArray+MASShorthandAdditions.h */ = {isa = PBXFileReference; fileEncoding = 4; lastKnownFileType = sourcecode.c.h; path = "NSArray+MASShorthandAdditions.h"; sourceTree = "<group>"; };
		22AA2B6919022684005140DA /* NSLayoutConstraint+MASDebugAdditions.h */ = {isa = PBXFileReference; fileEncoding = 4; lastKnownFileType = sourcecode.c.h; path = "NSLayoutConstraint+MASDebugAdditions.h"; sourceTree = "<group>"; };
		22AA2B6A19022684005140DA /* NSLayoutConstraint+MASDebugAdditions.m */ = {isa = PBXFileReference; fileEncoding = 4; lastKnownFileType = sourcecode.c.objc; path = "NSLayoutConstraint+MASDebugAdditions.m"; sourceTree = "<group>"; };
		22AA2B6B19022684005140DA /* View+MASAdditions.h */ = {isa = PBXFileReference; fileEncoding = 4; lastKnownFileType = sourcecode.c.h; path = "View+MASAdditions.h"; sourceTree = "<group>"; };
		22AA2B6C19022684005140DA /* View+MASAdditions.m */ = {isa = PBXFileReference; fileEncoding = 4; lastKnownFileType = sourcecode.c.objc; path = "View+MASAdditions.m"; sourceTree = "<group>"; };
		22AA2B6D19022684005140DA /* View+MASShorthandAdditions.h */ = {isa = PBXFileReference; fileEncoding = 4; lastKnownFileType = sourcecode.c.h; path = "View+MASShorthandAdditions.h"; sourceTree = "<group>"; };
		22C3E8CB19135AB9000035D1 /* libxml2.dylib */ = {isa = PBXFileReference; lastKnownFileType = "compiled.mach-o.dylib"; name = libxml2.dylib; path = usr/lib/libxml2.dylib; sourceTree = SDKROOT; };
		22C3E8D719135F47000035D1 /* TFHpple.h */ = {isa = PBXFileReference; fileEncoding = 4; lastKnownFileType = sourcecode.c.h; name = TFHpple.h; path = Cellarhq/vendor/hpple/TFHpple.h; sourceTree = "<group>"; };
		22C3E8D819135F47000035D1 /* TFHpple.m */ = {isa = PBXFileReference; fileEncoding = 4; lastKnownFileType = sourcecode.c.objc; name = TFHpple.m; path = Cellarhq/vendor/hpple/TFHpple.m; sourceTree = "<group>"; };
		22C3E8D919135F47000035D1 /* TFHppleElement.h */ = {isa = PBXFileReference; fileEncoding = 4; lastKnownFileType = sourcecode.c.h; name = TFHppleElement.h; path = Cellarhq/vendor/hpple/TFHppleElement.h; sourceTree = "<group>"; };
		22C3E8DA19135F47000035D1 /* TFHppleElement.m */ = {isa = PBXFileReference; fileEncoding = 4; lastKnownFileType = sourcecode.c.objc; name = TFHppleElement.m; path = Cellarhq/vendor/hpple/TFHppleElement.m; sourceTree = "<group>"; };
		22C3E8DB19135F47000035D1 /* XPathQuery.h */ = {isa = PBXFileReference; fileEncoding = 4; lastKnownFileType = sourcecode.c.h; name = XPathQuery.h; path = Cellarhq/vendor/hpple/XPathQuery.h; sourceTree = "<group>"; };
		22C3E8DC19135F47000035D1 /* XPathQuery.m */ = {isa = PBXFileReference; fileEncoding = 4; lastKnownFileType = sourcecode.c.objc; name = XPathQuery.m; path = Cellarhq/vendor/hpple/XPathQuery.m; sourceTree = "<group>"; };
		22C3E8E219136A48000035D1 /* Beer.h */ = {isa = PBXFileReference; fileEncoding = 4; lastKnownFileType = sourcecode.c.h; path = Beer.h; sourceTree = "<group>"; };
		22C3E8E319136A48000035D1 /* Beer.m */ = {isa = PBXFileReference; fileEncoding = 4; lastKnownFileType = sourcecode.c.objc; path = Beer.m; sourceTree = "<group>"; };
		22C3E8E51916C9F1000035D1 /* BeerDetailViewController.h */ = {isa = PBXFileReference; fileEncoding = 4; lastKnownFileType = sourcecode.c.h; path = BeerDetailViewController.h; sourceTree = "<group>"; };
		22C3E8E61916C9F1000035D1 /* BeerDetailViewController.m */ = {isa = PBXFileReference; fileEncoding = 4; lastKnownFileType = sourcecode.c.objc; path = BeerDetailViewController.m; sourceTree = "<group>"; };
		22C3E8E819173C1D000035D1 /* LoginViewController.h */ = {isa = PBXFileReference; fileEncoding = 4; lastKnownFileType = sourcecode.c.h; path = LoginViewController.h; sourceTree = "<group>"; };
		22C3E8E919173C1D000035D1 /* LoginViewController.m */ = {isa = PBXFileReference; fileEncoding = 4; lastKnownFileType = sourcecode.c.objc; path = LoginViewController.m; sourceTree = "<group>"; };
		22C3E8EB19173D03000035D1 /* AuthenticationProvider.h */ = {isa = PBXFileReference; fileEncoding = 4; lastKnownFileType = sourcecode.c.h; path = AuthenticationProvider.h; sourceTree = "<group>"; };
		22C3E8EC19173D03000035D1 /* AuthenticationProvider.m */ = {isa = PBXFileReference; fileEncoding = 4; lastKnownFileType = sourcecode.c.objc; path = AuthenticationProvider.m; sourceTree = "<group>"; };
		22C3E8F119189273000035D1 /* NetworkRequestHandler.h */ = {isa = PBXFileReference; fileEncoding = 4; lastKnownFileType = sourcecode.c.h; path = NetworkRequestHandler.h; sourceTree = "<group>"; };
		22C3E8F219189273000035D1 /* NetworkRequestHandler.m */ = {isa = PBXFileReference; fileEncoding = 4; lastKnownFileType = sourcecode.c.objc; path = NetworkRequestHandler.m; sourceTree = "<group>"; };
		22C3E8F41919EB28000035D1 /* BeerSizePicker.h */ = {isa = PBXFileReference; fileEncoding = 4; lastKnownFileType = sourcecode.c.h; path = BeerSizePicker.h; sourceTree = "<group>"; };
		22C3E8F51919EB28000035D1 /* BeerSizePicker.m */ = {isa = PBXFileReference; fileEncoding = 4; lastKnownFileType = sourcecode.c.objc; path = BeerSizePicker.m; sourceTree = "<group>"; };
/* End PBXFileReference section */

/* Begin PBXFrameworksBuildPhase section */
		22AA2B0E1900D547005140DA /* Frameworks */ = {
			isa = PBXFrameworksBuildPhase;
			buildActionMask = 2147483647;
			files = (
				22C3E8CC19135AB9000035D1 /* libxml2.dylib in Frameworks */,
				22AA2B171900D547005140DA /* CoreGraphics.framework in Frameworks */,
				22AA2B191900D547005140DA /* UIKit.framework in Frameworks */,
				22AA2B151900D547005140DA /* Foundation.framework in Frameworks */,
			);
			runOnlyForDeploymentPostprocessing = 0;
		};
		22AA2B321900D547005140DA /* Frameworks */ = {
			isa = PBXFrameworksBuildPhase;
			buildActionMask = 2147483647;
			files = (
				22AA2B371900D547005140DA /* XCTest.framework in Frameworks */,
				22AA2B391900D547005140DA /* UIKit.framework in Frameworks */,
				22AA2B381900D547005140DA /* Foundation.framework in Frameworks */,
			);
			runOnlyForDeploymentPostprocessing = 0;
		};
/* End PBXFrameworksBuildPhase section */

/* Begin PBXGroup section */
		22AA2B081900D547005140DA = {
			isa = PBXGroup;
			children = (
				22C3E8D619135F1F000035D1 /* Hpple */,
				22AA2B5719022684005140DA /* Masonry */,
				22AA2B1A1900D547005140DA /* Cellarhq */,
				22AA2B3C1900D547005140DA /* CellarhqTests */,
				22AA2B131900D547005140DA /* Frameworks */,
				22AA2B121900D547005140DA /* Products */,
			);
			sourceTree = "<group>";
		};
		22AA2B121900D547005140DA /* Products */ = {
			isa = PBXGroup;
			children = (
				22AA2B111900D547005140DA /* Cellarhq.app */,
				22AA2B351900D547005140DA /* CellarhqTests.xctest */,
			);
			name = Products;
			sourceTree = "<group>";
		};
		22AA2B131900D547005140DA /* Frameworks */ = {
			isa = PBXGroup;
			children = (
				22C3E8CB19135AB9000035D1 /* libxml2.dylib */,
				22AA2B141900D547005140DA /* Foundation.framework */,
				22AA2B161900D547005140DA /* CoreGraphics.framework */,
				22AA2B181900D547005140DA /* UIKit.framework */,
				22AA2B361900D547005140DA /* XCTest.framework */,
			);
			name = Frameworks;
			sourceTree = "<group>";
		};
		22AA2B1A1900D547005140DA /* Cellarhq */ = {
			isa = PBXGroup;
			children = (
				22AA2B231900D547005140DA /* AppDelegate.h */,
				22AA2B241900D547005140DA /* AppDelegate.m */,
				22C3E8F019188D21000035D1 /* Services */,
				22C3E8EF19188CF9000035D1 /* Models */,
				22C3E8EE19188CF0000035D1 /* ViewControllers */,
				22AA2B2F1900D547005140DA /* Images.xcassets */,
				22AA2B1B1900D547005140DA /* Supporting Files */,
				22C3E8F41919EB28000035D1 /* BeerSizePicker.h */,
				22C3E8F51919EB28000035D1 /* BeerSizePicker.m */,
			);
			path = Cellarhq;
			sourceTree = "<group>";
		};
		22AA2B1B1900D547005140DA /* Supporting Files */ = {
			isa = PBXGroup;
			children = (
				22AA2B1C1900D547005140DA /* Cellarhq-Info.plist */,
				22AA2B1D1900D547005140DA /* InfoPlist.strings */,
				22AA2B201900D547005140DA /* main.m */,
				22AA2B221900D547005140DA /* Cellarhq-Prefix.pch */,
			);
			name = "Supporting Files";
			sourceTree = "<group>";
		};
		22AA2B3C1900D547005140DA /* CellarhqTests */ = {
			isa = PBXGroup;
			children = (
				22AA2B421900D547005140DA /* CellarhqTests.m */,
				22AA2B3D1900D547005140DA /* Supporting Files */,
			);
			path = CellarhqTests;
			sourceTree = "<group>";
		};
		22AA2B3D1900D547005140DA /* Supporting Files */ = {
			isa = PBXGroup;
			children = (
				22AA2B3E1900D547005140DA /* CellarhqTests-Info.plist */,
				22AA2B3F1900D547005140DA /* InfoPlist.strings */,
			);
			name = "Supporting Files";
			sourceTree = "<group>";
		};
		22AA2B5719022684005140DA /* Masonry */ = {
			isa = PBXGroup;
			children = (
				22AA2B5819022684005140DA /* MASCompositeConstraint.h */,
				22AA2B5919022684005140DA /* MASCompositeConstraint.m */,
				22AA2B5A19022684005140DA /* MASConstraint.h */,
				22AA2B5B19022684005140DA /* MASConstraint.m */,
				22AA2B5C19022684005140DA /* MASConstraintMaker.h */,
				22AA2B5D19022684005140DA /* MASConstraintMaker.m */,
				22AA2B5E19022684005140DA /* MASLayoutConstraint.h */,
				22AA2B5F19022684005140DA /* MASLayoutConstraint.m */,
				22AA2B6019022684005140DA /* Masonry.h */,
				22AA2B6119022684005140DA /* MASUtilities.h */,
				22AA2B6219022684005140DA /* MASViewAttribute.h */,
				22AA2B6319022684005140DA /* MASViewAttribute.m */,
				22AA2B6419022684005140DA /* MASViewConstraint.h */,
				22AA2B6519022684005140DA /* MASViewConstraint.m */,
				22AA2B6619022684005140DA /* NSArray+MASAdditions.h */,
				22AA2B6719022684005140DA /* NSArray+MASAdditions.m */,
				22AA2B6819022684005140DA /* NSArray+MASShorthandAdditions.h */,
				22AA2B6919022684005140DA /* NSLayoutConstraint+MASDebugAdditions.h */,
				22AA2B6A19022684005140DA /* NSLayoutConstraint+MASDebugAdditions.m */,
				22AA2B6B19022684005140DA /* View+MASAdditions.h */,
				22AA2B6C19022684005140DA /* View+MASAdditions.m */,
				22AA2B6D19022684005140DA /* View+MASShorthandAdditions.h */,
			);
			name = Masonry;
			path = ../../../cellarhq/Masonry/Masonry;
			sourceTree = "<group>";
		};
		22C3E8D619135F1F000035D1 /* Hpple */ = {
			isa = PBXGroup;
			children = (
				22C3E8D719135F47000035D1 /* TFHpple.h */,
				22C3E8D819135F47000035D1 /* TFHpple.m */,
				22C3E8D919135F47000035D1 /* TFHppleElement.h */,
				22C3E8DA19135F47000035D1 /* TFHppleElement.m */,
				22C3E8DB19135F47000035D1 /* XPathQuery.h */,
				22C3E8DC19135F47000035D1 /* XPathQuery.m */,
			);
			name = Hpple;
			sourceTree = "<group>";
		};
		22C3E8EE19188CF0000035D1 /* ViewControllers */ = {
			isa = PBXGroup;
			children = (
				22C3E8E51916C9F1000035D1 /* BeerDetailViewController.h */,
				22C3E8E61916C9F1000035D1 /* BeerDetailViewController.m */,
				22C3E8E819173C1D000035D1 /* LoginViewController.h */,
				22C3E8E919173C1D000035D1 /* LoginViewController.m */,
				22AA2B2C1900D547005140DA /* CellarViewController.h */,
				22AA2B2D1900D547005140DA /* CellarViewController.m */,
			);
			name = ViewControllers;
			sourceTree = "<group>";
		};
		22C3E8EF19188CF9000035D1 /* Models */ = {
			isa = PBXGroup;
			children = (
				22C3E8E219136A48000035D1 /* Beer.h */,
				22C3E8E319136A48000035D1 /* Beer.m */,
			);
			name = Models;
			sourceTree = "<group>";
		};
		22C3E8F019188D21000035D1 /* Services */ = {
			isa = PBXGroup;
			children = (
				22C3E8EB19173D03000035D1 /* AuthenticationProvider.h */,
				22C3E8EC19173D03000035D1 /* AuthenticationProvider.m */,
				22C3E8F119189273000035D1 /* NetworkRequestHandler.h */,
				22C3E8F219189273000035D1 /* NetworkRequestHandler.m */,
			);
			name = Services;
			sourceTree = "<group>";
		};
/* End PBXGroup section */

/* Begin PBXNativeTarget section */
		22AA2B101900D547005140DA /* Cellarhq */ = {
			isa = PBXNativeTarget;
			buildConfigurationList = 22AA2B461900D547005140DA /* Build configuration list for PBXNativeTarget "Cellarhq" */;
			buildPhases = (
				22AA2B0D1900D547005140DA /* Sources */,
				22AA2B0E1900D547005140DA /* Frameworks */,
				22AA2B0F1900D547005140DA /* Resources */,
			);
			buildRules = (
			);
			dependencies = (
			);
			name = Cellarhq;
			productName = Cellarhq;
			productReference = 22AA2B111900D547005140DA /* Cellarhq.app */;
			productType = "com.apple.product-type.application";
		};
		22AA2B341900D547005140DA /* CellarhqTests */ = {
			isa = PBXNativeTarget;
			buildConfigurationList = 22AA2B491900D547005140DA /* Build configuration list for PBXNativeTarget "CellarhqTests" */;
			buildPhases = (
				22AA2B311900D547005140DA /* Sources */,
				22AA2B321900D547005140DA /* Frameworks */,
				22AA2B331900D547005140DA /* Resources */,
			);
			buildRules = (
			);
			dependencies = (
				22AA2B3B1900D547005140DA /* PBXTargetDependency */,
			);
			name = CellarhqTests;
			productName = CellarhqTests;
			productReference = 22AA2B351900D547005140DA /* CellarhqTests.xctest */;
			productType = "com.apple.product-type.bundle.unit-test";
		};
/* End PBXNativeTarget section */

/* Begin PBXProject section */
		22AA2B091900D547005140DA /* Project object */ = {
			isa = PBXProject;
			attributes = {
				LastUpgradeCheck = 0510;
				ORGANIZATIONNAME = "Arca Externa";
				TargetAttributes = {
					22AA2B341900D547005140DA = {
						TestTargetID = 22AA2B101900D547005140DA;
					};
				};
			};
			buildConfigurationList = 22AA2B0C1900D547005140DA /* Build configuration list for PBXProject "Cellarhq" */;
			compatibilityVersion = "Xcode 3.2";
			developmentRegion = English;
			hasScannedForEncodings = 0;
			knownRegions = (
				en,
				Base,
			);
			mainGroup = 22AA2B081900D547005140DA;
			productRefGroup = 22AA2B121900D547005140DA /* Products */;
			projectDirPath = "";
			projectRoot = "";
			targets = (
				22AA2B101900D547005140DA /* Cellarhq */,
				22AA2B341900D547005140DA /* CellarhqTests */,
			);
		};
/* End PBXProject section */

/* Begin PBXResourcesBuildPhase section */
		22AA2B0F1900D547005140DA /* Resources */ = {
			isa = PBXResourcesBuildPhase;
			buildActionMask = 2147483647;
			files = (
				22AA2B301900D547005140DA /* Images.xcassets in Resources */,
				22AA2B1F1900D547005140DA /* InfoPlist.strings in Resources */,
			);
			runOnlyForDeploymentPostprocessing = 0;
		};
		22AA2B331900D547005140DA /* Resources */ = {
			isa = PBXResourcesBuildPhase;
			buildActionMask = 2147483647;
			files = (
				22AA2B411900D547005140DA /* InfoPlist.strings in Resources */,
			);
			runOnlyForDeploymentPostprocessing = 0;
		};
/* End PBXResourcesBuildPhase section */

/* Begin PBXSourcesBuildPhase section */
		22AA2B0D1900D547005140DA /* Sources */ = {
			isa = PBXSourcesBuildPhase;
			buildActionMask = 2147483647;
			files = (
				22AA2B7519022684005140DA /* NSLayoutConstraint+MASDebugAdditions.m in Sources */,
				22AA2B7319022684005140DA /* MASViewConstraint.m in Sources */,
				22AA2B6E19022684005140DA /* MASCompositeConstraint.m in Sources */,
				22AA2B7419022684005140DA /* NSArray+MASAdditions.m in Sources */,
				22AA2B2E1900D547005140DA /* CellarViewController.m in Sources */,
				22AA2B251900D547005140DA /* AppDelegate.m in Sources */,
				22AA2B7119022684005140DA /* MASLayoutConstraint.m in Sources */,
				22C3E8DF19135F47000035D1 /* XPathQuery.m in Sources */,
				22AA2B211900D547005140DA /* main.m in Sources */,
				22C3E8DE19135F47000035D1 /* TFHppleElement.m in Sources */,
				22AA2B7619022684005140DA /* View+MASAdditions.m in Sources */,
				22C3E8F61919EB28000035D1 /* BeerSizePicker.m in Sources */,
				22AA2B7219022684005140DA /* MASViewAttribute.m in Sources */,
				22C3E8E71916C9F1000035D1 /* BeerDetailViewController.m in Sources */,
				22AA2B6F19022684005140DA /* MASConstraint.m in Sources */,
				22C3E8EA19173C1D000035D1 /* LoginViewController.m in Sources */,
				22C3E8F319189273000035D1 /* NetworkRequestHandler.m in Sources */,
				22AA2B7019022684005140DA /* MASConstraintMaker.m in Sources */,
				22C3E8ED19173D03000035D1 /* AuthenticationProvider.m in Sources */,
				22C3E8DD19135F47000035D1 /* TFHpple.m in Sources */,
				22C3E8E419136A48000035D1 /* Beer.m in Sources */,
			);
			runOnlyForDeploymentPostprocessing = 0;
		};
		22AA2B311900D547005140DA /* Sources */ = {
			isa = PBXSourcesBuildPhase;
			buildActionMask = 2147483647;
			files = (
				22AA2B431900D547005140DA /* CellarhqTests.m in Sources */,
			);
			runOnlyForDeploymentPostprocessing = 0;
		};
/* End PBXSourcesBuildPhase section */

/* Begin PBXTargetDependency section */
		22AA2B3B1900D547005140DA /* PBXTargetDependency */ = {
			isa = PBXTargetDependency;
			target = 22AA2B101900D547005140DA /* Cellarhq */;
			targetProxy = 22AA2B3A1900D547005140DA /* PBXContainerItemProxy */;
		};
/* End PBXTargetDependency section */

/* Begin PBXVariantGroup section */
		22AA2B1D1900D547005140DA /* InfoPlist.strings */ = {
			isa = PBXVariantGroup;
			children = (
				22AA2B1E1900D547005140DA /* en */,
			);
			name = InfoPlist.strings;
			sourceTree = "<group>";
		};
		22AA2B3F1900D547005140DA /* InfoPlist.strings */ = {
			isa = PBXVariantGroup;
			children = (
				22AA2B401900D547005140DA /* en */,
			);
			name = InfoPlist.strings;
			sourceTree = "<group>";
		};
/* End PBXVariantGroup section */

/* Begin XCBuildConfiguration section */
		22AA2B441900D547005140DA /* Debug */ = {
			isa = XCBuildConfiguration;
			buildSettings = {
				ALWAYS_SEARCH_USER_PATHS = NO;
				CLANG_CXX_LANGUAGE_STANDARD = "gnu++0x";
				CLANG_CXX_LIBRARY = "libc++";
				CLANG_ENABLE_MODULES = YES;
				CLANG_ENABLE_OBJC_ARC = YES;
				CLANG_WARN_BOOL_CONVERSION = YES;
				CLANG_WARN_CONSTANT_CONVERSION = YES;
				CLANG_WARN_DIRECT_OBJC_ISA_USAGE = YES_ERROR;
				CLANG_WARN_EMPTY_BODY = YES;
				CLANG_WARN_ENUM_CONVERSION = YES;
				CLANG_WARN_INT_CONVERSION = YES;
				CLANG_WARN_OBJC_ROOT_CLASS = YES_ERROR;
				CLANG_WARN__DUPLICATE_METHOD_MATCH = YES;
				"CODE_SIGN_IDENTITY[sdk=iphoneos*]" = "iPhone Developer";
				COPY_PHASE_STRIP = NO;
				GCC_C_LANGUAGE_STANDARD = gnu99;
				GCC_DYNAMIC_NO_PIC = NO;
				GCC_OPTIMIZATION_LEVEL = 0;
				GCC_PREPROCESSOR_DEFINITIONS = (
					"DEBUG=1",
					"$(inherited)",
				);
				GCC_SYMBOLS_PRIVATE_EXTERN = NO;
				GCC_WARN_64_TO_32_BIT_CONVERSION = YES;
				GCC_WARN_ABOUT_RETURN_TYPE = YES_ERROR;
				GCC_WARN_UNDECLARED_SELECTOR = YES;
				GCC_WARN_UNINITIALIZED_AUTOS = YES_AGGRESSIVE;
				GCC_WARN_UNUSED_FUNCTION = YES;
				GCC_WARN_UNUSED_VARIABLE = YES;
				IPHONEOS_DEPLOYMENT_TARGET = 7.1;
				ONLY_ACTIVE_ARCH = YES;
				SDKROOT = iphoneos;
				TARGETED_DEVICE_FAMILY = "1,2";
			};
			name = Debug;
		};
		22AA2B451900D547005140DA /* Release */ = {
			isa = XCBuildConfiguration;
			buildSettings = {
				ALWAYS_SEARCH_USER_PATHS = NO;
				CLANG_CXX_LANGUAGE_STANDARD = "gnu++0x";
				CLANG_CXX_LIBRARY = "libc++";
				CLANG_ENABLE_MODULES = YES;
				CLANG_ENABLE_OBJC_ARC = YES;
				CLANG_WARN_BOOL_CONVERSION = YES;
				CLANG_WARN_CONSTANT_CONVERSION = YES;
				CLANG_WARN_DIRECT_OBJC_ISA_USAGE = YES_ERROR;
				CLANG_WARN_EMPTY_BODY = YES;
				CLANG_WARN_ENUM_CONVERSION = YES;
				CLANG_WARN_INT_CONVERSION = YES;
				CLANG_WARN_OBJC_ROOT_CLASS = YES_ERROR;
				CLANG_WARN__DUPLICATE_METHOD_MATCH = YES;
				"CODE_SIGN_IDENTITY[sdk=iphoneos*]" = "iPhone Developer";
				COPY_PHASE_STRIP = YES;
				ENABLE_NS_ASSERTIONS = NO;
				GCC_C_LANGUAGE_STANDARD = gnu99;
				GCC_WARN_64_TO_32_BIT_CONVERSION = YES;
				GCC_WARN_ABOUT_RETURN_TYPE = YES_ERROR;
				GCC_WARN_UNDECLARED_SELECTOR = YES;
				GCC_WARN_UNINITIALIZED_AUTOS = YES_AGGRESSIVE;
				GCC_WARN_UNUSED_FUNCTION = YES;
				GCC_WARN_UNUSED_VARIABLE = YES;
				IPHONEOS_DEPLOYMENT_TARGET = 7.1;
				SDKROOT = iphoneos;
				TARGETED_DEVICE_FAMILY = "1,2";
				VALIDATE_PRODUCT = YES;
			};
			name = Release;
		};
		22AA2B471900D547005140DA /* Debug */ = {
			isa = XCBuildConfiguration;
			buildSettings = {
				ASSETCATALOG_COMPILER_APPICON_NAME = AppIcon;
				ASSETCATALOG_COMPILER_LAUNCHIMAGE_NAME = LaunchImage;
				GCC_PRECOMPILE_PREFIX_HEADER = YES;
				GCC_PREFIX_HEADER = "Cellarhq/Cellarhq-Prefix.pch";
				HEADER_SEARCH_PATHS = (
					"$(inherited)",
					/Applications/Xcode.app/Contents/Developer/Toolchains/XcodeDefault.xctoolchain/usr/include,
					"$(SDKROOT)/usr/include/libxml2",
					"$(SRCROOT)/Cellarhq/vendor/hpple",
				);
				INFOPLIST_FILE = "Cellarhq/Cellarhq-Info.plist";
				PRODUCT_NAME = "$(TARGET_NAME)";
				WRAPPER_EXTENSION = app;
			};
			name = Debug;
		};
		22AA2B481900D547005140DA /* Release */ = {
			isa = XCBuildConfiguration;
			buildSettings = {
				ASSETCATALOG_COMPILER_APPICON_NAME = AppIcon;
				ASSETCATALOG_COMPILER_LAUNCHIMAGE_NAME = LaunchImage;
				GCC_PRECOMPILE_PREFIX_HEADER = YES;
				GCC_PREFIX_HEADER = "Cellarhq/Cellarhq-Prefix.pch";
				HEADER_SEARCH_PATHS = (
					"$(inherited)",
					/Applications/Xcode.app/Contents/Developer/Toolchains/XcodeDefault.xctoolchain/usr/include,
					"$(SDKROOT)/usr/include/libxml2",
					"$(SRCROOT)/Cellarhq/vendor/hpple",
				);
				INFOPLIST_FILE = "Cellarhq/Cellarhq-Info.plist";
				PRODUCT_NAME = "$(TARGET_NAME)";
				WRAPPER_EXTENSION = app;
			};
			name = Release;
		};
		22AA2B4A1900D547005140DA /* Debug */ = {
			isa = XCBuildConfiguration;
			buildSettings = {
				BUNDLE_LOADER = "$(BUILT_PRODUCTS_DIR)/Cellarhq.app/Cellarhq";
				FRAMEWORK_SEARCH_PATHS = (
					"$(SDKROOT)/Developer/Library/Frameworks",
					"$(inherited)",
					"$(DEVELOPER_FRAMEWORKS_DIR)",
				);
				GCC_PRECOMPILE_PREFIX_HEADER = YES;
				GCC_PREFIX_HEADER = "Cellarhq/Cellarhq-Prefix.pch";
				GCC_PREPROCESSOR_DEFINITIONS = (
					"DEBUG=1",
					"$(inherited)",
				);
				INFOPLIST_FILE = "CellarhqTests/CellarhqTests-Info.plist";
				PRODUCT_NAME = "$(TARGET_NAME)";
				TEST_HOST = "$(BUNDLE_LOADER)";
				WRAPPER_EXTENSION = xctest;
			};
			name = Debug;
		};
		22AA2B4B1900D547005140DA /* Release */ = {
			isa = XCBuildConfiguration;
			buildSettings = {
				BUNDLE_LOADER = "$(BUILT_PRODUCTS_DIR)/Cellarhq.app/Cellarhq";
				FRAMEWORK_SEARCH_PATHS = (
					"$(SDKROOT)/Developer/Library/Frameworks",
					"$(inherited)",
					"$(DEVELOPER_FRAMEWORKS_DIR)",
				);
				GCC_PRECOMPILE_PREFIX_HEADER = YES;
				GCC_PREFIX_HEADER = "Cellarhq/Cellarhq-Prefix.pch";
				INFOPLIST_FILE = "CellarhqTests/CellarhqTests-Info.plist";
				PRODUCT_NAME = "$(TARGET_NAME)";
				TEST_HOST = "$(BUNDLE_LOADER)";
				WRAPPER_EXTENSION = xctest;
			};
			name = Release;
		};
/* End XCBuildConfiguration section */

/* Begin XCConfigurationList section */
		22AA2B0C1900D547005140DA /* Build configuration list for PBXProject "Cellarhq" */ = {
			isa = XCConfigurationList;
			buildConfigurations = (
				22AA2B441900D547005140DA /* Debug */,
				22AA2B451900D547005140DA /* Release */,
			);
			defaultConfigurationIsVisible = 0;
			defaultConfigurationName = Release;
		};
		22AA2B461900D547005140DA /* Build configuration list for PBXNativeTarget "Cellarhq" */ = {
			isa = XCConfigurationList;
			buildConfigurations = (
				22AA2B471900D547005140DA /* Debug */,
				22AA2B481900D547005140DA /* Release */,
			);
			defaultConfigurationIsVisible = 0;
			defaultConfigurationName = Release;
		};
		22AA2B491900D547005140DA /* Build configuration list for PBXNativeTarget "CellarhqTests" */ = {
			isa = XCConfigurationList;
			buildConfigurations = (
				22AA2B4A1900D547005140DA /* Debug */,
				22AA2B4B1900D547005140DA /* Release */,
			);
			defaultConfigurationIsVisible = 0;
			defaultConfigurationName = Release;
		};
/* End XCConfigurationList section */
	};
	rootObject = 22AA2B091900D547005140DA /* Project object */;
}
